# This file is automatically @generated by Cargo.
# It is not intended for manual editing.
version = 3

[[package]]
name = "common"
version = "0.1.0"

[[package]]
name = "datanode"
version = "0.1.0"

[[package]]
name = "datatypes"
version = "0.1.0"

[[package]]
name = "log-store"
version = "0.1.0"

[[package]]
name = "object-store"
version = "0.1.0"

[[package]]
name = "query"
version = "0.1.0"

[[package]]
name = "table"
version = "0.1.0"
